PODS:
  - AFNetworking (2.5.0):
    - AFNetworking/NSURLConnection (= 2.5.0)
    - AFNetworking/NSURLSession (= 2.5.0)
    - AFNetworking/Reachability (= 2.5.0)
    - AFNetworking/Security (= 2.5.0)
    - AFNetworking/Serialization (= 2.5.0)
    - AFNetworking/UIKit (= 2.5.0)
  - AFNetworking/NSURLConnection (2.5.0):
    - AFNetworking/Reachability
    - AFNetworking/Security
    - AFNetworking/Serialization
  - AFNetworking/NSURLSession (2.5.0):
    - AFNetworking/Reachability
    - AFNetworking/Security
    - AFNetworking/Serialization
  - AFNetworking/Reachability (2.5.0)
  - AFNetworking/Security (2.5.0)
  - AFNetworking/Serialization (2.5.0)
  - AFNetworking/UIKit (2.5.0):
    - AFNetworking/NSURLConnection
    - AFNetworking/NSURLSession
  - Aspects (1.4.1)
  - CocoaAsyncSocket (7.4.1)
  - CocoaLumberjack (2.0.0-beta4):
    - CocoaLumberjack/Default (= 2.0.0-beta4)
    - CocoaLumberjack/Extensions (= 2.0.0-beta4)
  - CocoaLumberjack/Core (2.0.0-beta4)
  - CocoaLumberjack/Default (2.0.0-beta4):
    - CocoaLumberjack/Core
  - CocoaLumberjack/Extensions (2.0.0-beta4):
    - CocoaLumberjack/Default
  - FLAnimatedImage (1.0.7)
  - FMDB (2.4):
    - FMDB/standard (= 2.4)
  - FMDB/common (2.4)
  - FMDB/standard (2.4):
    - FMDB/common
  - KMCGeigerCounter (0.2.0)
  - Masonry (0.6.0)
  - MBProgressHUD (0.9)
  - pop (1.0.9)
  - POP+MCAnimate (2.0.1):
    - pop (~> 1.0)
    - POP+MCAnimate/Animations (= 2.0.1)
    - POP+MCAnimate/Group (= 2.0.1)
    - POP+MCAnimate/Internal (= 2.0.1)
    - POP+MCAnimate/Shorthand (= 2.0.1)
    - POP+MCAnimate/Velocity (= 2.0.1)
  - POP+MCAnimate/Animations (2.0.1):
    - pop (~> 1.0)
    - POP+MCAnimate/Group
    - POP+MCAnimate/Internal
    - POP+MCAnimate/Shorthand
    - POP+MCAnimate/Velocity
  - POP+MCAnimate/Group (2.0.1):
    - pop (~> 1.0)
  - POP+MCAnimate/Internal (2.0.1):
    - pop (~> 1.0)
  - POP+MCAnimate/Shorthand (2.0.1):
    - pop (~> 1.0)
  - POP+MCAnimate/Velocity (2.0.1):
    - pop (~> 1.0)
    - POP+MCAnimate/Internal
  - ReactiveCocoa (2.0):
    - ReactiveCocoa/Core (= 2.0)
    - ReactiveCocoa/no-arc (= 2.0)
    - ReactiveCocoa/RACExtensions (= 2.0)
  - ReactiveCocoa/Core (2.0):
    - ReactiveCocoa/no-arc
  - ReactiveCocoa/no-arc (2.0)
  - ReactiveCocoa/RACExtensions (2.0):
    - ReactiveCocoa/Core
  - SDWebImage (3.7.2):
    - SDWebImage/Core (= 3.7.2)
  - SDWebImage/Core (3.7.2)
  - Shimmer (1.0.2)
  - VDKit (9.9.9)

DEPENDENCIES:
  - AFNetworking (= 2.5.0)
  - Aspects (= 1.4.1)
  - CocoaAsyncSocket (= 7.4.1)
  - CocoaLumberjack (= 2.0.0-beta4)
  - FLAnimatedImage (= 1.0.7)
  - FMDB (= 2.4)
  - KMCGeigerCounter (= 0.2.0)
  - Masonry (= 0.6.0)
  - MBProgressHUD (= 0.9)
  - POP+MCAnimate (= 2.0.1)
  - ReactiveCocoa (= 2.0)
  - SDWebImage (= 3.7.2)
  - Shimmer (= 1.0.2)
  - VDKit (= 9.9.9)

SPEC CHECKSUMS:
  AFNetworking: 96ac9bf3eda33582701cb1fcc5b896aa1e20311e
  Aspects: 7595ba96a6727a58ebcbfc954497fc5d2fdde546
  CocoaAsyncSocket: 7cbf214b27f8e7f7574db6a3fd96352ffaed433d
  CocoaLumberjack: 44fc4ab64ee7cb9703df5de6d5012cf917775938
  FLAnimatedImage: f25e5ec542a9762f4e39fd75d196394e01ed801a
  FMDB: d274d9ff773415735022ac57bfba9f6002f9fed8
  KMCGeigerCounter: a5b494ee5de4facaea661541fae9ba3060895cac
  Masonry: 695dcee5cf90504cc83d85c40e0bd3f4376ed583
  MBProgressHUD: d8e7ea388dc1549a42e0d219067cf5f2c898fb66
  pop: f667631a5108a2e60d9e8797c9b32ddaf2080bce
  POP+MCAnimate: a99e209148c602512de487f1160a44bf78572024
  ReactiveCocoa: c5347d7b1c348d22a85800e14e89da84c5254cfb
  SDWebImage: 71b7cdc1d1721d6a82ed62889030225f2c249e29
  Shimmer: c5374be1c2b0c9e292fb05b339a513cf291cac86
  VDKit: 45ce54a65bccca0a719770919af08a055f968463

PODFILE CHECKSUM: 3f8c5874ac3ef0996a0195ac240fc74a4b9c5d1c

COCOAPODS: 1.0.1
